
Microsoft Visual Studio Solution File, Format Version 12.00
# Visual Studio Version 17
VisualStudioVersion = 17.9.34723.18
MinimumVisualStudioVersion = 10.0.40219.1
Project("{FAE04EC0-301F-11D3-BF4B-00C04F79EFBC}") = "TaskManagement.Domain", "TaskManagement.Domain\TaskManagement.Domain.csproj", "{7F1BD744-12D0-44EB-8E40-5A43C61B45CA}"
EndProject
Project("{FAE04EC0-301F-11D3-BF4B-00C04F79EFBC}") = "TaskManagement.Application", "TaskManagement.Application\TaskManagement.Application.csproj", "{64638AB3-BBBF-4F65-AE17-13066261B1F4}"
EndProject
Project("{FAE04EC0-301F-11D3-BF4B-00C04F79EFBC}") = "TaskManagement.Infrastructure", "TaskManagement.Infrastructure\TaskManagement.Infrastructure.csproj", "{23EC956C-3DD5-4FDE-9EEB-22736124089B}"
EndProject
Project("{FAE04EC0-301F-11D3-BF4B-00C04F79EFBC}") = "TaskManagement.API", "TaskManagement.API\TaskManagement.API.csproj", "{D562E49C-756C-4C46-BA3C-A1768D21559C}"
EndProject
Global
	GlobalSection(SolutionConfigurationPlatforms) = preSolution
		Debug|Any CPU = Debug|Any CPU
		Release|Any CPU = Release|Any CPU
	EndGlobalSection
	GlobalSection(ProjectConfigurationPlatforms) = postSolution
		{7F1BD744-12D0-44EB-8E40-5A43C61B45CA}.Debug|Any CPU.ActiveCfg = Debug|Any CPU
		{7F1BD744-12D0-44EB-8E40-5A43C61B45CA}.Debug|Any CPU.Build.0 = Debug|Any CPU
		{7F1BD744-12D0-44EB-8E40-5A43C61B45CA}.Release|Any CPU.ActiveCfg = Release|Any CPU
		{7F1BD744-12D0-44EB-8E40-5A43C61B45CA}.Release|Any CPU.Build.0 = Release|Any CPU
		{64638AB3-BBBF-4F65-AE17-13066261B1F4}.Debug|Any CPU.ActiveCfg = Debug|Any CPU
		{64638AB3-BBBF-4F65-AE17-13066261B1F4}.Debug|Any CPU.Build.0 = Debug|Any CPU
		{64638AB3-BBBF-4F65-AE17-13066261B1F4}.Release|Any CPU.ActiveCfg = Release|Any CPU
		{64638AB3-BBBF-4F65-AE17-13066261B1F4}.Release|Any CPU.Build.0 = Release|Any CPU
		{23EC956C-3DD5-4FDE-9EEB-22736124089B}.Debug|Any CPU.ActiveCfg = Debug|Any CPU
		{23EC956C-3DD5-4FDE-9EEB-22736124089B}.Debug|Any CPU.Build.0 = Debug|Any CPU
		{23EC956C-3DD5-4FDE-9EEB-22736124089B}.Release|Any CPU.ActiveCfg = Release|Any CPU
		{23EC956C-3DD5-4FDE-9EEB-22736124089B}.Release|Any CPU.Build.0 = Release|Any CPU
		{D562E49C-756C-4C46-BA3C-A1768D21559C}.Debug|Any CPU.ActiveCfg = Debug|Any CPU
		{D562E49C-756C-4C46-BA3C-A1768D21559C}.Debug|Any CPU.Build.0 = Debug|Any CPU
		{D562E49C-756C-4C46-BA3C-A1768D21559C}.Release|Any CPU.ActiveCfg = Release|Any CPU
		{D562E49C-756C-4C46-BA3C-A1768D21559C}.Release|Any CPU.Build.0 = Release|Any CPU
	EndGlobalSection
	GlobalSection(SolutionProperties) = preSolution
		HideSolutionNode = FALSE
	EndGlobalSection
	GlobalSection(ExtensibilityGlobals) = postSolution
		SolutionGuid = {4F9D4D60-3F8A-452C-9A25-8F2EC743A0E1}
	EndGlobalSection
EndGlobal
